// !$*UTF8*$!
{
	archiveVersion = 1;
	classes = {
	};
	objectVersion = 77;
	objects = {

/* Begin PBXBuildFile section */
		D69740352FA53576000D428B /* GameController.framework in Frameworks */ = {isa = PBXBuildFile; fileRef = D69740332FA53576000D428B /* GameController.framework */; };
		D69740362FA53576000D428B /* GameKit.framework in Frameworks */ = {isa = PBXBuildFile; fileRef = D69740342FA53576000D428B /* GameKit.framework */; };
		D69741A72FABDA5A000D428B /* GnomeApocalypse.xctestplan in Resources */ = {isa = PBXBuildFile; fileRef = D69741A62FABDA5A000D428B /* GnomeApocalypse.xctestplan */; };
/* End PBXBuildFile section */

/* Begin PBXContainerItemProxy section */
		D6973F512FA260F6000D428B /* PBXContainerItemProxy */ = {
			isa = PBXContainerItemProxy;
			containerPortal = D6973F322FA260F5000D428B /* Project object */;
			proxyType = 1;
			remoteGlobalIDString = D6973F392FA260F5000D428B;
			remoteInfo = Greed;
		};
		D6973F5B2FA260F6000D428B /* PBXContainerItemProxy */ = {
			isa = PBXContainerItemProxy;
			containerPortal = D6973F322FA260F5000D428B /* Project object */;
			proxyType = 1;
			remoteGlobalIDString = D6973F392FA260F5000D428B;
			remoteInfo = Greed;
		};
/* End PBXContainerItemProxy section */

/* Begin PBXFileReference section */
		D6973F3A2FA260F5000D428B /* Greed.app */ = {isa = PBXFileReference; explicitFileType = wrapper.application; includeInIndex = 0; path = Greed.app; sourceTree = BUILT_PRODUCTS_DIR; };
		D6973F502FA260F6000D428B /* GreedTests.xctest */ = {isa = PBXFileReference; explicitFileType = wrapper.cfbundle; includeInIndex = 0; path = GreedTests.xctest; sourceTree = BUILT_PRODUCTS_DIR; };
		D6973F5A2FA260F6000D428B /* GreedUITests.xctest */ = {isa = PBXFileReference; explicitFileType = wrapper.cfbundle; includeInIndex = 0; path = GreedUITests.xctest; sourceTree = BUILT_PRODUCTS_DIR; };
		D69740332FA53576000D428B /* GameController.framework */ = {isa = PBXFileReference; lastKnownFileType = wrapper.framework; name = GameController.framework; path = System/Library/Frameworks/GameController.framework; sourceTree = SDKROOT; };
		D69740342FA53576000D428B /* GameKit.framework */ = {isa = PBXFileReference; lastKnownFileType = wrapper.framework; name = GameKit.framework; path = System/Library/Frameworks/GameKit.framework; sourceTree = SDKROOT; };
		D69741A62FABDA5A000D428B /* GnomeApocalypse.xctestplan */ = {isa = PBXFileReference; lastKnownFileType = text; path = GnomeApocalypse.xctestplan; sourceTree = "<group>"; };
/* End PBXFileReference section */

/* Begin PBXFileSystemSynchronizedRootGroup section */
		D6973F3C2FA260F5000D428B /* Greed */ = {
			isa = PBXFileSystemSynchronizedRootGroup;
			path = Greed;
			sourceTree = "<group>";
		};
		D6973F532FA260F6000D428B /* GreedTests */ = {
			isa = PBXFileSystemSynchronizedRootGroup;
			path = GreedTests;
			sourceTree = "<group>";
		};
		D6973F5D2FA260F6000D428B /* GreedUITests */ = {
			isa = PBXFileSystemSynchronizedRootGroup;
			path = GreedUITests;
			sourceTree = "<group>";
		};
/* End PBXFileSystemSynchronizedRootGroup section */

/* Begin PBXFrameworksBuildPhase section */
		D6973F372FA260F5000D428B /* Frameworks */ = {
			isa = PBXFrameworksBuildPhase;
			buildActionMask = 2147483647;
			files = (
				D69740352FA53576000D428B /* GameController.framework in Frameworks */,
				D69740362FA53576000D428B /* GameKit.framework in Frameworks */,
			);
			runOnlyForDeploymentPostprocessing = 0;
		};
		D6973F4D2FA260F6000D428B /* Frameworks */ = {
			isa = PBXFrameworksBuildPhase;
			buildActionMask = 2147483647;
			files = (
			);
			runOnlyForDeploymentPostprocessing = 0;
		};
		D6973F572FA260F6000D428B /* Frameworks */ = {
			isa = PBXFrameworksBuildPhase;
			buildActionMask = 2147483647;
			files = (
			);
			runOnlyForDeploymentPostprocessing = 0;
		};
/* End PBXFrameworksBuildPhase section */

/* Begin PBXGroup section */
		D6973F312FA260F5000D428B = {
			isa = PBXGroup;
			children = (
				D69741A62FABDA5A000D428B /* GnomeApocalypse.xctestplan */,
				D6973F3C2FA260F5000D428B /* Greed */,
				D6973F532FA260F6000D428B /* GreedTests */,
				D6973F5D2FA260F6000D428B /* GreedUITests */,
				D69740322FA53575000D428B /* Frameworks */,
				D6973F3B2FA260F5000D428B /* Products */,
			);
			sourceTree = "<group>";
		};
		D6973F3B2FA260F5000D428B /* Products */ = {
			isa = PBXGroup;
			children = (
				D6973F3A2FA260F5000D428B /* Greed.app */,
				D6973F502FA260F6000D428B /* GreedTests.xctest */,
				D6973F5A2FA260F6000D428B /* GreedUITests.xctest */,
			);
			name = Products;
			sourceTree = "<group>";
		};
		D69740322FA53575000D428B /* Frameworks */ = {
			isa = PBXGroup;
			children = (
				D69740332FA53576000D428B /* GameController.framework */,
				D69740342FA53576000D428B /* GameKit.framework */,
			);
			name = Frameworks;
			sourceTree = "<group>";
		};
/* End PBXGroup section */

/* Begin PBXNativeTarget section */
		D6973F392FA260F5000D428B /* Greed */ = {
			isa = PBXNativeTarget;
			buildConfigurationList = D6973F642FA260F6000D428B /* Build configuration list for PBXNativeTarget "Greed" */;
			buildPhases = (
				D6973F362FA260F5000D428B /* Sources */,
				D6973F372FA260F5000D428B /* Frameworks */,
				D6973F382FA260F5000D428B /* Resources */,
			);
			buildRules = (
			);
			dependencies = (
			);
			fileSystemSynchronizedGroups = (
				D6973F3C2FA260F5000D428B /* Greed */,
			);
			name = Greed;
			packageProductDependencies = (
			);
			productName = Greed;
			productReference = D6973F3A2FA260F5000D428B /* Greed.app */;
			productType = "com.apple.product-type.application";
		};
		D6973F4F2FA260F6000D428B /* GreedTests */ = {
			isa = PBXNativeTarget;
			buildConfigurationList = D6973F672FA260F6000D428B /* Build configuration list for PBXNativeTarget "GreedTests" */;
			buildPhases = (
				D6973F4C2FA260F6000D428B /* Sources */,
				D6973F4D2FA260F6000D428B /* Frameworks */,
				D6973F4E2FA260F6000D428B /* Resources */,
			);
			buildRules = (
			);
			dependencies = (
				D6973F522FA260F6000D428B /* PBXTargetDependency */,
			);
			fileSystemSynchronizedGroups = (
				D6973F532FA260F6000D428B /* GreedTests */,
			);
			name = GreedTests;
			packageProductDependencies = (
			);
			productName = GreedTests;
			productReference = D6973F502FA260F6000D428B /* GreedTests.xctest */;
			productType = "com.apple.product-type.bundle.unit-test";
		};
		D6973F592FA260F6000D428B /* GreedUITests */ = {
			isa = PBXNativeTarget;
			buildConfigurationList = D6973F6A2FA260F6000D428B /* Build configuration list for PBXNativeTarget "GreedUITests" */;
			buildPhases = (
				D6973F562FA260F6000D428B /* Sources */,
				D6973F572FA260F6000D428B /* Frameworks */,
				D6973F582FA260F6000D428B /* Resources */,
			);
			buildRules = (
			);
			dependencies = (
				D6973F5C2FA260F6000D428B /* PBXTargetDependency */,
			);
			fileSystemSynchronizedGroups = (
				D6973F5D2FA260F6000D428B /* GreedUITests */,
			);
			name = GreedUITests;
			packageProductDependencies = (
			);
			productName = GreedUITests;
			productReference = D6973F5A2FA260F6000D428B /* GreedUITests.xctest */;
			productType = "com.apple.product-type.bundle.ui-testing";
		};
/* End PBXNativeTarget section */

/* Begin PBXProject section */
		D6973F322FA260F5000D428B /* Project object */ = {
			isa = PBXProject;
			attributes = {
				BuildIndependentTargetsInParallel = 1;
				LastSwiftUpdateCheck = 2640;
				LastUpgradeCheck = 2640;
				TargetAttributes = {
					D6973F392FA260F5000D428B = {
						CreatedOnToolsVersion = 26.4.1;
					};
					D6973F4F2FA260F6000D428B = {
						CreatedOnToolsVersion = 26.4.1;
						TestTargetID = D6973F392FA260F5000D428B;
					};
					D6973F592FA260F6000D428B = {
						CreatedOnToolsVersion = 26.4.1;
						TestTargetID = D6973F392FA260F5000D428B;
					};
				};
			};
			buildConfigurationList = D6973F352FA260F5000D428B /* Build configuration list for PBXProject "Greed" */;
			developmentRegion = en;
			hasScannedForEncodings = 0;
			knownRegions = (
				en,
				Base,
			);
			mainGroup = D6973F312FA260F5000D428B;
			minimizedProjectReferenceProxies = 1;
			preferredProjectObjectVersion = 77;
			productRefGroup = D6973F3B2FA260F5000D428B /* Products */;
			projectDirPath = "";
			projectRoot = "";
			targets = (
				D6973F392FA260F5000D428B /* Greed */,
				D6973F4F2FA260F6000D428B /* GreedTests */,
				D6973F592FA260F6000D428B /* GreedUITests */,
			);
		};
/* End PBXProject section */

/* Begin PBXResourcesBuildPhase section */
		D6973F382FA260F5000D428B /* Resources */ = {
			isa = PBXResourcesBuildPhase;
			buildActionMask = 2147483647;
			files = (
				D69741A72FABDA5A000D428B /* GnomeApocalypse.xctestplan in Resources */,
			);
			runOnlyForDeploymentPostprocessing = 0;
		};
		D6973F4E2FA260F6000D428B /* Resources */ = {
			isa = PBXResourcesBuildPhase;
			buildActionMask = 2147483647;
			files = (
			);
			runOnlyForDeploymentPostprocessing = 0;
		};
		D6973F582FA260F6000D428B /* Resources */ = {
			isa = PBXResourcesBuildPhase;
			buildActionMask = 2147483647;
			files = (
			);
			runOnlyForDeploymentPostprocessing = 0;
		};
/* End PBXResourcesBuildPhase section */

/* Begin PBXSourcesBuildPhase section */
		D6973F362FA260F5000D428B /* Sources */ = {
			isa = PBXSourcesBuildPhase;
			buildActionMask = 2147483647;
			files = (
			);
			runOnlyForDeploymentPostprocessing = 0;
		};
		D6973F4C2FA260F6000D428B /* Sources */ = {
			isa = PBXSourcesBuildPhase;
			buildActionMask = 2147483647;
			files = (
			);
			runOnlyForDeploymentPostprocessing = 0;
		};
		D6973F562FA260F6000D428B /* Sources */ = {
			isa = PBXSourcesBuildPhase;
			buildActionMask = 2147483647;
			files = (
			);
			runOnlyForDeploymentPostprocessing = 0;
		};
/* End PBXSourcesBuildPhase section */

/* Begin PBXTargetDependency section */
		D6973F522FA260F6000D428B /* PBXTargetDependency */ = {
			isa = PBXTargetDependency;
			target = D6973F392FA260F5000D428B /* Greed */;
			targetProxy = D6973F512FA260F6000D428B /* PBXContainerItemProxy */;
		};
		D6973F5C2FA260F6000D428B /* PBXTargetDependency */ = {
			isa = PBXTargetDependency;
			target = D6973F392FA260F5000D428B /* Greed */;
			targetProxy = D6973F5B2FA260F6000D428B /* PBXContainerItemProxy */;
		};
/* End PBXTargetDependency section */

/* Begin XCBuildConfiguration section */
		D6973F622FA260F6000D428B /* Debug */ = {
			isa = XCBuildConfiguration;
			buildSettings = {
				ALWAYS_SEARCH_USER_PATHS = NO;
				ASSETCATALOG_COMPILER_GENERATE_SWIFT_ASSET_SYMBOL_EXTENSIONS = YES;
				CLANG_ANALYZER_NONNULL = YES;
				CLANG_ANALYZER_NUMBER_OBJECT_CONVERSION = YES_AGGRESSIVE;
				CLANG_CXX_LANGUAGE_STANDARD = "gnu++20";
				CLANG_ENABLE_MODULES = YES;
				CLANG_ENABLE_OBJC_ARC = YES;
				CLANG_ENABLE_OBJC_WEAK = YES;
				CLANG_WARN_BLOCK_CAPTURE_AUTORELEASING = YES;
				CLANG_WARN_BOOL_CONVERSION = YES;
				CLANG_WARN_COMMA = YES;
				CLANG_WARN_CONSTANT_CONVERSION = YES;
				CLANG_WARN_DEPRECATED_OBJC_IMPLEMENTATIONS = YES;
				CLANG_WARN_DIRECT_OBJC_ISA_USAGE = YES_ERROR;
				CLANG_WARN_DOCUMENTATION_COMMENTS = YES;
				CLANG_WARN_EMPTY_BODY = YES;
				CLANG_WARN_ENUM_CONVERSION = YES;
				CLANG_WARN_INFINITE_RECURSION = YES;
				CLANG_WARN_INT_CONVERSION = YES;
				CLANG_WARN_NON_LITERAL_NULL_CONVERSION = YES;
				CLANG_WARN_OBJC_IMPLICIT_RETAIN_SELF = YES;
				CLANG_WARN_OBJC_LITERAL_CONVERSION = YES;
				CLANG_WARN_OBJC_ROOT_CLASS = YES_ERROR;
				CLANG_WARN_QUOTED_INCLUDE_IN_FRAMEWORK_HEADER = YES;
				CLANG_WARN_RANGE_LOOP_ANALYSIS = YES;
				CLANG_WARN_STRICT_PROTOTYPES = YES;
				CLANG_WARN_SUSPICIOUS_MOVE = YES;
				CLANG_WARN_UNGUARDED_AVAILABILITY = YES_AGGRESSIVE;
				CLANG_WARN_UNREACHABLE_CODE = YES;
				CLANG_WARN__DUPLICATE_METHOD_MATCH = YES;
				COPY_PHASE_STRIP = NO;
				DEBUG_INFORMATION_FORMAT = dwarf;
				DEVELOPMENT_TEAM = FJ2KGQ6VZ9;
				ENABLE_STRICT_OBJC_MSGSEND = YES;
				ENABLE_TESTABILITY = YES;
				ENABLE_USER_SCRIPT_SANDBOXING = YES;
				GCC_C_LANGUAGE_STANDARD = gnu17;
				GCC_DYNAMIC_NO_PIC = NO;
				GCC_NO_COMMON_BLOCKS = YES;
				GCC_OPTIMIZATION_LEVEL = 0;
				GCC_PREPROCESSOR_DEFINITIONS = (
					"DEBUG=1",
					"$(inherited)",
				);
				GCC_WARN_64_TO_32_BIT_CONVERSION = YES;
				GCC_WARN_ABOUT_RETURN_TYPE = YES_ERROR;
				GCC_WARN_UNDECLARED_SELECTOR = YES;
				GCC_WARN_UNINITIALIZED_AUTOS = YES_AGGRESSIVE;
				GCC_WARN_UNUSED_FUNCTION = YES;
				GCC_WARN_UNUSED_VARIABLE = YES;
				LOCALIZATION_PREFERS_STRING_CATALOGS = YES;
				MACOSX_DEPLOYMENT_TARGET = 26.4;
				MTL_ENABLE_DEBUG_INFO = INCLUDE_SOURCE;
				MTL_FAST_MATH = YES;
				ONLY_ACTIVE_ARCH = YES;
				SDKROOT = macosx;
				SWIFT_ACTIVE_COMPILATION_CONDITIONS = "DEBUG $(inherited)";
				SWIFT_OPTIMIZATION_LEVEL = "-Onone";
			};
			name = Debug;
		};
		D6973F632FA260F6000D428B /* Release */ = {
			isa = XCBuildConfiguration;
			buildSettings = {
				ALWAYS_SEARCH_USER_PATHS = NO;
				ASSETCATALOG_COMPILER_GENERATE_SWIFT_ASSET_SYMBOL_EXTENSIONS = YES;
				CLANG_ANALYZER_NONNULL = YES;
				CLANG_ANALYZER_NUMBER_OBJECT_CONVERSION = YES_AGGRESSIVE;
				CLANG_CXX_LANGUAGE_STANDARD = "gnu++20";
				CLANG_ENABLE_MODULES = YES;
				CLANG_ENABLE_OBJC_ARC = YES;
				CLANG_ENABLE_OBJC_WEAK = YES;
				CLANG_WARN_BLOCK_CAPTURE_AUTORELEASING = YES;
				CLANG_WARN_BOOL_CONVERSION = YES;
				CLANG_WARN_COMMA = YES;
				CLANG_WARN_CONSTANT_CONVERSION = YES;
				CLANG_WARN_DEPRECATED_OBJC_IMPLEMENTATIONS = YES;
				CLANG_WARN_DIRECT_OBJC_ISA_USAGE = YES_ERROR;
				CLANG_WARN_DOCUMENTATION_COMMENTS = YES;
				CLANG_WARN_EMPTY_BODY = YES;
				CLANG_WARN_ENUM_CONVERSION = YES;
				CLANG_WARN_INFINITE_RECURSION = YES;
				CLANG_WARN_INT_CONVERSION = YES;
				CLANG_WARN_NON_LITERAL_NULL_CONVERSION = YES;
				CLANG_WARN_OBJC_IMPLICIT_RETAIN_SELF = YES;
				CLANG_WARN_OBJC_LITERAL_CONVERSION = YES;
				CLANG_WARN_OBJC_ROOT_CLASS = YES_ERROR;
				CLANG_WARN_QUOTED_INCLUDE_IN_FRAMEWORK_HEADER = YES;
				CLANG_WARN_RANGE_LOOP_ANALYSIS = YES;
				CLANG_WARN_STRICT_PROTOTYPES = YES;
				CLANG_WARN_SUSPICIOUS_MOVE = YES;
				CLANG_WARN_UNGUARDED_AVAILABILITY = YES_AGGRESSIVE;
				CLANG_WARN_UNREACHABLE_CODE = YES;
				CLANG_WARN__DUPLICATE_METHOD_MATCH = YES;
				COPY_PHASE_STRIP = NO;
				DEBUG_INFORMATION_FORMAT = "dwarf-with-dsym";
				DEVELOPMENT_TEAM = FJ2KGQ6VZ9;
				ENABLE_NS_ASSERTIONS = NO;
				ENABLE_STRICT_OBJC_MSGSEND = YES;
				ENABLE_USER_SCRIPT_SANDBOXING = YES;
				GCC_C_LANGUAGE_STANDARD = gnu17;
				GCC_NO_COMMON_BLOCKS = YES;
				GCC_WARN_64_TO_32_BIT_CONVERSION = YES;
				GCC_WARN_ABOUT_RETURN_TYPE = YES_ERROR;
				GCC_WARN_UNDECLARED_SELECTOR = YES;
				GCC_WARN_UNINITIALIZED_AUTOS = YES_AGGRESSIVE;
				GCC_WARN_UNUSED_FUNCTION = YES;
				GCC_WARN_UNUSED_VARIABLE = YES;
				LOCALIZATION_PREFERS_STRING_CATALOGS = YES;
				MACOSX_DEPLOYMENT_TARGET = 26.4;
				MTL_ENABLE_DEBUG_INFO = NO;
				MTL_FAST_MATH = YES;
				SDKROOT = macosx;
				SWIFT_COMPILATION_MODE = wholemodule;
			};
			name = Release;
		};
		D6973F652FA260F6000D428B /* Debug */ = {
			isa = XCBuildConfiguration;
			buildSettings = {
				ASSETCATALOG_COMPILER_APPICON_NAME = AppIcon;
				ASSETCATALOG_COMPILER_GLOBAL_ACCENT_COLOR_NAME = AccentColor;
				CODE_SIGN_STYLE = Automatic;
				COMBINE_HIDPI_IMAGES = YES;
				CURRENT_PROJECT_VERSION = 1;
				DEVELOPMENT_TEAM = TLC6Y5XJMM;
				ENABLE_APP_SANDBOX = YES;
				ENABLE_HARDENED_RUNTIME = YES;
				ENABLE_USER_SELECTED_FILES = readonly;
				EXCLUDED_SOURCE_FILE_NAMES = .gitkeep;
				GENERATE_INFOPLIST_FILE = YES;
				INFOPLIST_KEY_CFBundleDisplayName = "Greed Project";
				INFOPLIST_KEY_LSApplicationCategoryType = "public.app-category.action-games";
				INFOPLIST_KEY_NSHumanReadableCopyright = "";
				INFOPLIST_KEY_NSMainStoryboardFile = Main;
				INFOPLIST_KEY_NSPrincipalClass = NSApplication;
				LD_RUNPATH_SEARCH_PATHS = (
					"$(inherited)",
					"@executable_path/../Frameworks",
				);
				MACOSX_DEPLOYMENT_TARGET = 26.4;
				MARKETING_VERSION = 1.0;
				PRODUCT_BUNDLE_IDENTIFIER = com.apple.Greed;
				PRODUCT_NAME = "$(TARGET_NAME)";
				REGISTER_APP_GROUPS = YES;
				STRING_CATALOG_GENERATE_SYMBOLS = YES;
				SWIFT_APPROACHABLE_CONCURRENCY = YES;
				SWIFT_DEFAULT_ACTOR_ISOLATION = MainActor;
				SWIFT_EMIT_LOC_STRINGS = YES;
				SWIFT_UPCOMING_FEATURE_MEMBER_IMPORT_VISIBILITY = YES;
				SWIFT_VERSION = 5.0;
			};
			name = Debug;
		};
		D6973F662FA260F6000D428B /* Release */ = {
			isa = XCBuildConfiguration;
			buildSettings = {
				ASSETCATALOG_COMPILER_APPICON_NAME = AppIcon;
				ASSETCATALOG_COMPILER_GLOBAL_ACCENT_COLOR_NAME = AccentColor;
				CODE_SIGN_STYLE = Automatic;
				COMBINE_HIDPI_IMAGES = YES;
				CURRENT_PROJECT_VERSION = 1;
				DEVELOPMENT_TEAM = TLC6Y5XJMM;
				ENABLE_APP_SANDBOX = YES;
				ENABLE_HARDENED_RUNTIME = YES;
				ENABLE_USER_SELECTED_FILES = readonly;
				EXCLUDED_SOURCE_FILE_NAMES = .gitkeep;
				GENERATE_INFOPLIST_FILE = YES;
				INFOPLIST_KEY_CFBundleDisplayName = "Greed Project";
				INFOPLIST_KEY_LSApplicationCategoryType = "public.app-category.action-games";
				INFOPLIST_KEY_NSHumanReadableCopyright = "";
				INFOPLIST_KEY_NSMainStoryboardFile = Main;
				INFOPLIST_KEY_NSPrincipalClass = NSApplication;
				LD_RUNPATH_SEARCH_PATHS = (
					"$(inherited)",
					"@executable_path/../Frameworks",
				);
				MACOSX_DEPLOYMENT_TARGET = 26.4;
				MARKETING_VERSION = 1.0;
				PRODUCT_BUNDLE_IDENTIFIER = com.apple.Greed;
				PRODUCT_NAME = "$(TARGET_NAME)";
				REGISTER_APP_GROUPS = YES;
				STRING_CATALOG_GENERATE_SYMBOLS = YES;
				SWIFT_APPROACHABLE_CONCURRENCY = YES;
				SWIFT_DEFAULT_ACTOR_ISOLATION = MainActor;
				SWIFT_EMIT_LOC_STRINGS = YES;
				SWIFT_UPCOMING_FEATURE_MEMBER_IMPORT_VISIBILITY = YES;
				SWIFT_VERSION = 5.0;
			};
			name = Release;
		};
		D6973F682FA260F6000D428B /* Debug */ = {
			isa = XCBuildConfiguration;
			buildSettings = {
				BUNDLE_LOADER = "$(TEST_HOST)";
				CODE_SIGN_STYLE = Automatic;
				CURRENT_PROJECT_VERSION = 1;
				DEVELOPMENT_TEAM = FJ2KGQ6VZ9;
				EXCLUDED_SOURCE_FILE_NAMES = .gitkeep;
				GENERATE_INFOPLIST_FILE = YES;
				MACOSX_DEPLOYMENT_TARGET = 26.4;
				MARKETING_VERSION = 1.0;
				PRODUCT_BUNDLE_IDENTIFIER = com.apple.GreedTests;
				PRODUCT_NAME = "$(TARGET_NAME)";
				STRING_CATALOG_GENERATE_SYMBOLS = NO;
				SWIFT_APPROACHABLE_CONCURRENCY = YES;
				SWIFT_EMIT_LOC_STRINGS = NO;
				SWIFT_UPCOMING_FEATURE_MEMBER_IMPORT_VISIBILITY = YES;
				SWIFT_VERSION = 5.0;
				TEST_HOST = "$(BUILT_PRODUCTS_DIR)/Greed.app/$(BUNDLE_EXECUTABLE_FOLDER_PATH)/Greed";
			};
			name = Debug;
		};
		D6973F692FA260F6000D428B /* Release */ = {
			isa = XCBuildConfiguration;
			buildSettings = {
				BUNDLE_LOADER = "$(TEST_HOST)";
				CODE_SIGN_STYLE = Automatic;
				CURRENT_PROJECT_VERSION = 1;
				DEVELOPMENT_TEAM = FJ2KGQ6VZ9;
				EXCLUDED_SOURCE_FILE_NAMES = .gitkeep;
				GENERATE_INFOPLIST_FILE = YES;
				MACOSX_DEPLOYMENT_TARGET = 26.4;
				MARKETING_VERSION = 1.0;
				PRODUCT_BUNDLE_IDENTIFIER = com.apple.GreedTests;
				PRODUCT_NAME = "$(TARGET_NAME)";
				STRING_CATALOG_GENERATE_SYMBOLS = NO;
				SWIFT_APPROACHABLE_CONCURRENCY = YES;
				SWIFT_EMIT_LOC_STRINGS = NO;
				SWIFT_UPCOMING_FEATURE_MEMBER_IMPORT_VISIBILITY = YES;
				SWIFT_VERSION = 5.0;
				TEST_HOST = "$(BUILT_PRODUCTS_DIR)/Greed.app/$(BUNDLE_EXECUTABLE_FOLDER_PATH)/Greed";
			};
			name = Release;
		};
		D6973F6B2FA260F6000D428B /* Debug */ = {
			isa = XCBuildConfiguration;
			buildSettings = {
				CODE_SIGN_STYLE = Automatic;
				CURRENT_PROJECT_VERSION = 1;
				DEVELOPMENT_TEAM = FJ2KGQ6VZ9;
				EXCLUDED_SOURCE_FILE_NAMES = .gitkeep;
				GENERATE_INFOPLIST_FILE = YES;
				MARKETING_VERSION = 1.0;
				PRODUCT_BUNDLE_IDENTIFIER = com.apple.GreedUITests;
				PRODUCT_NAME = "$(TARGET_NAME)";
				STRING_CATALOG_GENERATE_SYMBOLS = NO;
				SWIFT_APPROACHABLE_CONCURRENCY = YES;
				SWIFT_EMIT_LOC_STRINGS = NO;
				SWIFT_UPCOMING_FEATURE_MEMBER_IMPORT_VISIBILITY = YES;
				SWIFT_VERSION = 5.0;
				TEST_TARGET_NAME = Greed;
			};
			name = Debug;
		};
		D6973F6C2FA260F6000D428B /* Release */ = {
			isa = XCBuildConfiguration;
			buildSettings = {
				CODE_SIGN_STYLE = Automatic;
				CURRENT_PROJECT_VERSION = 1;
				DEVELOPMENT_TEAM = FJ2KGQ6VZ9;
				EXCLUDED_SOURCE_FILE_NAMES = .gitkeep;
				GENERATE_INFOPLIST_FILE = YES;
				MARKETING_VERSION = 1.0;
				PRODUCT_BUNDLE_IDENTIFIER = com.apple.GreedUITests;
				PRODUCT_NAME = "$(TARGET_NAME)";
				STRING_CATALOG_GENERATE_SYMBOLS = NO;
				SWIFT_APPROACHABLE_CONCURRENCY = YES;
				SWIFT_EMIT_LOC_STRINGS = NO;
				SWIFT_UPCOMING_FEATURE_MEMBER_IMPORT_VISIBILITY = YES;
				SWIFT_VERSION = 5.0;
				TEST_TARGET_NAME = Greed;
			};
			name = Release;
		};
/* End XCBuildConfiguration section */

/* Begin XCConfigurationList section */
		D6973F352FA260F5000D428B /* Build configuration list for PBXProject "Greed" */ = {
			isa = XCConfigurationList;
			buildConfigurations = (
				D6973F622FA260F6000D428B /* Debug */,
				D6973F632FA260F6000D428B /* Release */,
			);
			defaultConfigurationIsVisible = 0;
			defaultConfigurationName = Release;
		};
		D6973F642FA260F6000D428B /* Build configuration list for PBXNativeTarget "Greed" */ = {
			isa = XCConfigurationList;
			buildConfigurations = (
				D6973F652FA260F6000D428B /* Debug */,
				D6973F662FA260F6000D428B /* Release */,
			);
			defaultConfigurationIsVisible = 0;
			defaultConfigurationName = Release;
		};
		D6973F672FA260F6000D428B /* Build configuration list for PBXNativeTarget "GreedTests" */ = {
			isa = XCConfigurationList;
			buildConfigurations = (
				D6973F682FA260F6000D428B /* Debug */,
				D6973F692FA260F6000D428B /* Release */,
			);
			defaultConfigurationIsVisible = 0;
			defaultConfigurationName = Release;
		};
		D6973F6A2FA260F6000D428B /* Build configuration list for PBXNativeTarget "GreedUITests" */ = {
			isa = XCConfigurationList;
			buildConfigurations = (
				D6973F6B2FA260F6000D428B /* Debug */,
				D6973F6C2FA260F6000D428B /* Release */,
			);
			defaultConfigurationIsVisible = 0;
			defaultConfigurationName = Release;
		};
/* End XCConfigurationList section */
	};
	rootObject = D6973F322FA260F5000D428B /* Project object */;
}
